
Microsoft Visual Studio Solution File, Format Version 12.00
# Visual Studio Version 16
VisualStudioVersion = 25.0.1706.14
MinimumVisualStudioVersion = 10.0.40219.1
Project("{2150E333-8FDC-42A3-9474-1A3956D46DE8}") = "API", "API", "{4049953B-FC68-4038-B985-808CE92A0592}"
EndProject
Project("{FAE04EC0-301F-11D3-BF4B-00C04F79EFBC}") = "rOS.Core.Api", "API\rOS.Core.Api\rOS.Core.Api.csproj", "{99680CD0-05A5-4ED2-81A2-B30987AA24E2}"
EndProject
Project("{FAE04EC0-301F-11D3-BF4B-00C04F79EFBC}") = "rOS.Crm.Api", "API\rOS.Crm.Api\rOS.Crm.Api.csproj", "{8D63B096-5E2D-4E93-B824-CEDED16A0F07}"
EndProject
Project("{FAE04EC0-301F-11D3-BF4B-00C04F79EFBC}") = "rOS.eCommerce.Api", "API\rOS.eCommerce.Api\rOS.eCommerce.Api.csproj", "{4CA09728-1A75-41CF-A014-8F43583F3455}"
EndProject
Project("{2150E333-8FDC-42A3-9474-1A3956D46DE8}") = "APP", "APP", "{065D7E95-BDFF-439E-A690-A5650157A23B}"
EndProject
Project("{2150E333-8FDC-42A3-9474-1A3956D46DE8}") = "SYS", "SYS", "{CC9B8B26-93C5-4FCA-93FF-382590000093}"
EndProject
Project("{2150E333-8FDC-42A3-9474-1A3956D46DE8}") = "BUDGET", "BUDGET", "{7488CDE1-48C8-4B65-B5F4-39EDC07EDC8F}"
EndProject
Project("{2150E333-8FDC-42A3-9474-1A3956D46DE8}") = "ASSET", "ASSET", "{A843518B-B0E0-43C6-8BED-67A8C4196B13}"
EndProject
Project("{2150E333-8FDC-42A3-9474-1A3956D46DE8}") = "CRM", "CRM", "{30BE7BFF-11C1-4A29-A2CF-40174D5117E1}"
EndProject
Project("{2150E333-8FDC-42A3-9474-1A3956D46DE8}") = "ERM", "ERM", "{746872FC-2FBB-481B-8085-893088BD0487}"
EndProject
Project("{2150E333-8FDC-42A3-9474-1A3956D46DE8}") = "STS", "STS", "{89091C56-A811-4D3F-9052-ED0D7EA71670}"
EndProject
Project("{2150E333-8FDC-42A3-9474-1A3956D46DE8}") = "UAC", "UAC", "{ECE50866-F1AC-44C9-9645-90D9E0864EEC}"
EndProject
Project("{FAE04EC0-301F-11D3-BF4B-00C04F79EFBC}") = "rOS.Security.Api", "API\rOS.Security.Api\rOS.Security.Api.csproj", "{E54D18E1-252C-4867-BB95-D5FB6F0F0191}"
EndProject
Project("{2150E333-8FDC-42A3-9474-1A3956D46DE8}") = "OQL", "OQL", "{C54C88B2-5802-46BB-95C4-DCBA488542AB}"
EndProject
Project("{FAE04EC0-301F-11D3-BF4B-00C04F79EFBC}") = "rOS.Sts.Core", "APP\STS\rOS.Sts.Core\rOS.Sts.Core.csproj", "{6FEB539F-A5D4-46B5-BF6B-4060856EC1EB}"
EndProject
Project("{2150E333-8FDC-42A3-9474-1A3956D46DE8}") = "ENTITY", "ENTITY", "{C79C55D1-1751-4789-8C2B-0C34CB0D4603}"
EndProject
Project("{FAE04EC0-301F-11D3-BF4B-00C04F79EFBC}") = "rOS.Security.Entity", "ENTITY\rOS.Security.Entity\rOS.Security.Entity.csproj", "{AA18DF16-47E3-4FFF-9197-E18489360250}"
EndProject
Project("{FAE04EC0-301F-11D3-BF4B-00C04F79EFBC}") = "rOS.Core.Entity", "ENTITY\rOS.Core.Entity\rOS.Core.Entity.csproj", "{6F860030-71CC-4FCF-A617-457C68AC9732}"
EndProject
Project("{FAE04EC0-301F-11D3-BF4B-00C04F79EFBC}") = "Oql.Api", "DATA\Oql.Api\Oql.Api.csproj", "{A8EF6479-094D-476B-908B-5938BB18E3B5}"
EndProject
Project("{FAE04EC0-301F-11D3-BF4B-00C04F79EFBC}") = "rOS.Sts.InMemory", "APP\STS\rOS.Sts.InMemory\rOS.Sts.InMemory.csproj", "{AEC74EF3-572E-4CC5-896A-8BCA70F9450E}"
EndProject
Project("{FAE04EC0-301F-11D3-BF4B-00C04F79EFBC}") = "rOS.Sts.Wapi", "APP\STS\rOS.Sts.Wapi\rOS.Sts.Wapi.csproj", "{F3E57040-C78B-4289-9ADF-F9A14FF2619A}"
EndProject
Project("{FAE04EC0-301F-11D3-BF4B-00C04F79EFBC}") = "System.CoreLib", "SYS\System.CoreLib\System.CoreLib.csproj", "{E24076BF-A886-472C-9A18-D49D0F423FB4}"
EndProject
Project("{FAE04EC0-301F-11D3-BF4B-00C04F79EFBC}") = "Wasm.Kernel", "SYS\Wasm.Kernel\Wasm.Kernel.csproj", "{5273456D-8F5E-41D2-99F2-695523D4308F}"
EndProject
Project("{FAE04EC0-301F-11D3-BF4B-00C04F79EFBC}") = "rOS.Uac.Wapi", "APP\UAC\rOS.Uac.Wapi\rOS.Uac.Wapi.csproj", "{1991E177-E5D5-4C89-8696-86441EAF5341}"
EndProject
Project("{FAE04EC0-301F-11D3-BF4B-00C04F79EFBC}") = "rOS.Asset.Wapi", "APP\ASSET\rOS.Asset.Wapi\rOS.Asset.Wapi.csproj", "{D1B27C47-37E7-4733-A960-A2096BD629EF}"
EndProject
Project("{FAE04EC0-301F-11D3-BF4B-00C04F79EFBC}") = "rOS.Uac.Core", "APP\UAC\rOS.Uac.Core\rOS.Uac.Core.csproj", "{266F76EC-60F2-4C41-9D99-A6CB8A3296D6}"
EndProject
Project("{FAE04EC0-301F-11D3-BF4B-00C04F79EFBC}") = "rOS.Uac.InMemory", "APP\UAC\rOS.Uac.InMemory\rOS.Uac.InMemory.csproj", "{FD32FE24-0080-471E-B471-15BBC6E78512}"
EndProject
Project("{FAE04EC0-301F-11D3-BF4B-00C04F79EFBC}") = "System.Linq.Async", "SYS\System.Linq.Async\System.Linq.Async.csproj", "{D7458D47-D918-468F-BAB4-349128CB221E}"
EndProject
Project("{FAE04EC0-301F-11D3-BF4B-00C04F79EFBC}") = "rOS.Budget.Wapi", "APP\rOS.Budget.Wapi\rOS.Budget.Wapi.csproj", "{5F4BF6FA-0046-443E-8B2B-AC04B6C80E49}"
EndProject
Project("{FAE04EC0-301F-11D3-BF4B-00C04F79EFBC}") = "Oql.Runtime", "DATA\Oql.Runtime\Oql.Runtime.csproj", "{A8FB393B-11AA-436B-AEE9-63877D7B7B01}"
EndProject
Project("{FAE04EC0-301F-11D3-BF4B-00C04F79EFBC}") = "Oql.CodeGen", "DATA\Oql.CodeGen\Oql.CodeGen.csproj", "{D7ABC424-923E-4F81-9C3B-3E2C50F55BDC}"
EndProject
Project("{FAE04EC0-301F-11D3-BF4B-00C04F79EFBC}") = "rOS.Erm.Wapi", "APP\ERM\rOS.Erm.Wapi\rOS.Erm.Wapi.csproj", "{80ADAE1B-106A-45B2-A26D-82BFF969475D}"
EndProject
Project("{FAE04EC0-301F-11D3-BF4B-00C04F79EFBC}") = "rOS.Crm.Wapi", "APP\CRM\rOS.Crm.Wapi\rOS.Crm.Wapi.csproj", "{8F5A88E2-A421-45C0-B84F-0CBADE30051A}"
EndProject
Global
	GlobalSection(SolutionConfigurationPlatforms) = preSolution
		Debug|Any CPU = Debug|Any CPU
		Release|Any CPU = Release|Any CPU
	EndGlobalSection
	GlobalSection(ProjectConfigurationPlatforms) = postSolution
		{99680CD0-05A5-4ED2-81A2-B30987AA24E2}.Debug|Any CPU.ActiveCfg = Debug|Any CPU
		{99680CD0-05A5-4ED2-81A2-B30987AA24E2}.Debug|Any CPU.Build.0 = Debug|Any CPU
		{99680CD0-05A5-4ED2-81A2-B30987AA24E2}.Release|Any CPU.ActiveCfg = Release|Any CPU
		{99680CD0-05A5-4ED2-81A2-B30987AA24E2}.Release|Any CPU.Build.0 = Release|Any CPU
		{8D63B096-5E2D-4E93-B824-CEDED16A0F07}.Debug|Any CPU.ActiveCfg = Debug|Any CPU
		{8D63B096-5E2D-4E93-B824-CEDED16A0F07}.Debug|Any CPU.Build.0 = Debug|Any CPU
		{8D63B096-5E2D-4E93-B824-CEDED16A0F07}.Release|Any CPU.ActiveCfg = Release|Any CPU
		{8D63B096-5E2D-4E93-B824-CEDED16A0F07}.Release|Any CPU.Build.0 = Release|Any CPU
		{4CA09728-1A75-41CF-A014-8F43583F3455}.Debug|Any CPU.ActiveCfg = Debug|Any CPU
		{4CA09728-1A75-41CF-A014-8F43583F3455}.Debug|Any CPU.Build.0 = Debug|Any CPU
		{4CA09728-1A75-41CF-A014-8F43583F3455}.Release|Any CPU.ActiveCfg = Release|Any CPU
		{4CA09728-1A75-41CF-A014-8F43583F3455}.Release|Any CPU.Build.0 = Release|Any CPU
		{E54D18E1-252C-4867-BB95-D5FB6F0F0191}.Debug|Any CPU.ActiveCfg = Debug|Any CPU
		{E54D18E1-252C-4867-BB95-D5FB6F0F0191}.Debug|Any CPU.Build.0 = Debug|Any CPU
		{E54D18E1-252C-4867-BB95-D5FB6F0F0191}.Release|Any CPU.ActiveCfg = Release|Any CPU
		{E54D18E1-252C-4867-BB95-D5FB6F0F0191}.Release|Any CPU.Build.0 = Release|Any CPU
		{6FEB539F-A5D4-46B5-BF6B-4060856EC1EB}.Debug|Any CPU.ActiveCfg = Debug|Any CPU
		{6FEB539F-A5D4-46B5-BF6B-4060856EC1EB}.Debug|Any CPU.Build.0 = Debug|Any CPU
		{6FEB539F-A5D4-46B5-BF6B-4060856EC1EB}.Release|Any CPU.ActiveCfg = Release|Any CPU
		{6FEB539F-A5D4-46B5-BF6B-4060856EC1EB}.Release|Any CPU.Build.0 = Release|Any CPU
		{AA18DF16-47E3-4FFF-9197-E18489360250}.Debug|Any CPU.ActiveCfg = Debug|Any CPU
		{AA18DF16-47E3-4FFF-9197-E18489360250}.Debug|Any CPU.Build.0 = Debug|Any CPU
		{AA18DF16-47E3-4FFF-9197-E18489360250}.Release|Any CPU.ActiveCfg = Release|Any CPU
		{AA18DF16-47E3-4FFF-9197-E18489360250}.Release|Any CPU.Build.0 = Release|Any CPU
		{6F860030-71CC-4FCF-A617-457C68AC9732}.Debug|Any CPU.ActiveCfg = Debug|Any CPU
		{6F860030-71CC-4FCF-A617-457C68AC9732}.Debug|Any CPU.Build.0 = Debug|Any CPU
		{6F860030-71CC-4FCF-A617-457C68AC9732}.Release|Any CPU.ActiveCfg = Release|Any CPU
		{6F860030-71CC-4FCF-A617-457C68AC9732}.Release|Any CPU.Build.0 = Release|Any CPU
		{A8EF6479-094D-476B-908B-5938BB18E3B5}.Debug|Any CPU.ActiveCfg = Debug|Any CPU
		{A8EF6479-094D-476B-908B-5938BB18E3B5}.Debug|Any CPU.Build.0 = Debug|Any CPU
		{A8EF6479-094D-476B-908B-5938BB18E3B5}.Release|Any CPU.ActiveCfg = Release|Any CPU
		{A8EF6479-094D-476B-908B-5938BB18E3B5}.Release|Any CPU.Build.0 = Release|Any CPU
		{AEC74EF3-572E-4CC5-896A-8BCA70F9450E}.Debug|Any CPU.ActiveCfg = Debug|Any CPU
		{AEC74EF3-572E-4CC5-896A-8BCA70F9450E}.Debug|Any CPU.Build.0 = Debug|Any CPU
		{AEC74EF3-572E-4CC5-896A-8BCA70F9450E}.Release|Any CPU.ActiveCfg = Release|Any CPU
		{AEC74EF3-572E-4CC5-896A-8BCA70F9450E}.Release|Any CPU.Build.0 = Release|Any CPU
		{F3E57040-C78B-4289-9ADF-F9A14FF2619A}.Debug|Any CPU.ActiveCfg = Debug|Any CPU
		{F3E57040-C78B-4289-9ADF-F9A14FF2619A}.Debug|Any CPU.Build.0 = Debug|Any CPU
		{F3E57040-C78B-4289-9ADF-F9A14FF2619A}.Release|Any CPU.ActiveCfg = Release|Any CPU
		{F3E57040-C78B-4289-9ADF-F9A14FF2619A}.Release|Any CPU.Build.0 = Release|Any CPU
		{E24076BF-A886-472C-9A18-D49D0F423FB4}.Debug|Any CPU.ActiveCfg = Debug|Any CPU
		{E24076BF-A886-472C-9A18-D49D0F423FB4}.Debug|Any CPU.Build.0 = Debug|Any CPU
		{E24076BF-A886-472C-9A18-D49D0F423FB4}.Release|Any CPU.ActiveCfg = Release|Any CPU
		{E24076BF-A886-472C-9A18-D49D0F423FB4}.Release|Any CPU.Build.0 = Release|Any CPU
		{5273456D-8F5E-41D2-99F2-695523D4308F}.Debug|Any CPU.ActiveCfg = Debug|Any CPU
		{5273456D-8F5E-41D2-99F2-695523D4308F}.Debug|Any CPU.Build.0 = Debug|Any CPU
		{5273456D-8F5E-41D2-99F2-695523D4308F}.Release|Any CPU.ActiveCfg = Release|Any CPU
		{5273456D-8F5E-41D2-99F2-695523D4308F}.Release|Any CPU.Build.0 = Release|Any CPU
		{1991E177-E5D5-4C89-8696-86441EAF5341}.Debug|Any CPU.ActiveCfg = Debug|Any CPU
		{1991E177-E5D5-4C89-8696-86441EAF5341}.Debug|Any CPU.Build.0 = Debug|Any CPU
		{1991E177-E5D5-4C89-8696-86441EAF5341}.Release|Any CPU.ActiveCfg = Release|Any CPU
		{1991E177-E5D5-4C89-8696-86441EAF5341}.Release|Any CPU.Build.0 = Release|Any CPU
		{D1B27C47-37E7-4733-A960-A2096BD629EF}.Debug|Any CPU.ActiveCfg = Debug|Any CPU
		{D1B27C47-37E7-4733-A960-A2096BD629EF}.Debug|Any CPU.Build.0 = Debug|Any CPU
		{D1B27C47-37E7-4733-A960-A2096BD629EF}.Release|Any CPU.ActiveCfg = Release|Any CPU
		{D1B27C47-37E7-4733-A960-A2096BD629EF}.Release|Any CPU.Build.0 = Release|Any CPU
		{266F76EC-60F2-4C41-9D99-A6CB8A3296D6}.Debug|Any CPU.ActiveCfg = Debug|Any CPU
		{266F76EC-60F2-4C41-9D99-A6CB8A3296D6}.Debug|Any CPU.Build.0 = Debug|Any CPU
		{266F76EC-60F2-4C41-9D99-A6CB8A3296D6}.Release|Any CPU.ActiveCfg = Release|Any CPU
		{266F76EC-60F2-4C41-9D99-A6CB8A3296D6}.Release|Any CPU.Build.0 = Release|Any CPU
		{FD32FE24-0080-471E-B471-15BBC6E78512}.Debug|Any CPU.ActiveCfg = Debug|Any CPU
		{FD32FE24-0080-471E-B471-15BBC6E78512}.Debug|Any CPU.Build.0 = Debug|Any CPU
		{FD32FE24-0080-471E-B471-15BBC6E78512}.Release|Any CPU.ActiveCfg = Release|Any CPU
		{FD32FE24-0080-471E-B471-15BBC6E78512}.Release|Any CPU.Build.0 = Release|Any CPU
		{D7458D47-D918-468F-BAB4-349128CB221E}.Debug|Any CPU.ActiveCfg = Debug|Any CPU
		{D7458D47-D918-468F-BAB4-349128CB221E}.Debug|Any CPU.Build.0 = Debug|Any CPU
		{D7458D47-D918-468F-BAB4-349128CB221E}.Release|Any CPU.ActiveCfg = Release|Any CPU
		{D7458D47-D918-468F-BAB4-349128CB221E}.Release|Any CPU.Build.0 = Release|Any CPU
		{5F4BF6FA-0046-443E-8B2B-AC04B6C80E49}.Debug|Any CPU.ActiveCfg = Debug|Any CPU
		{5F4BF6FA-0046-443E-8B2B-AC04B6C80E49}.Debug|Any CPU.Build.0 = Debug|Any CPU
		{5F4BF6FA-0046-443E-8B2B-AC04B6C80E49}.Release|Any CPU.ActiveCfg = Release|Any CPU
		{5F4BF6FA-0046-443E-8B2B-AC04B6C80E49}.Release|Any CPU.Build.0 = Release|Any CPU
		{A8FB393B-11AA-436B-AEE9-63877D7B7B01}.Debug|Any CPU.ActiveCfg = Debug|Any CPU
		{A8FB393B-11AA-436B-AEE9-63877D7B7B01}.Debug|Any CPU.Build.0 = Debug|Any CPU
		{A8FB393B-11AA-436B-AEE9-63877D7B7B01}.Release|Any CPU.ActiveCfg = Release|Any CPU
		{A8FB393B-11AA-436B-AEE9-63877D7B7B01}.Release|Any CPU.Build.0 = Release|Any CPU
		{D7ABC424-923E-4F81-9C3B-3E2C50F55BDC}.Debug|Any CPU.ActiveCfg = Debug|Any CPU
		{D7ABC424-923E-4F81-9C3B-3E2C50F55BDC}.Debug|Any CPU.Build.0 = Debug|Any CPU
		{D7ABC424-923E-4F81-9C3B-3E2C50F55BDC}.Release|Any CPU.ActiveCfg = Release|Any CPU
		{D7ABC424-923E-4F81-9C3B-3E2C50F55BDC}.Release|Any CPU.Build.0 = Release|Any CPU
		{80ADAE1B-106A-45B2-A26D-82BFF969475D}.Debug|Any CPU.ActiveCfg = Debug|Any CPU
		{80ADAE1B-106A-45B2-A26D-82BFF969475D}.Debug|Any CPU.Build.0 = Debug|Any CPU
		{80ADAE1B-106A-45B2-A26D-82BFF969475D}.Release|Any CPU.ActiveCfg = Release|Any CPU
		{80ADAE1B-106A-45B2-A26D-82BFF969475D}.Release|Any CPU.Build.0 = Release|Any CPU
		{8F5A88E2-A421-45C0-B84F-0CBADE30051A}.Debug|Any CPU.ActiveCfg = Debug|Any CPU
		{8F5A88E2-A421-45C0-B84F-0CBADE30051A}.Debug|Any CPU.Build.0 = Debug|Any CPU
		{8F5A88E2-A421-45C0-B84F-0CBADE30051A}.Release|Any CPU.ActiveCfg = Release|Any CPU
		{8F5A88E2-A421-45C0-B84F-0CBADE30051A}.Release|Any CPU.Build.0 = Release|Any CPU
	EndGlobalSection
	GlobalSection(SolutionProperties) = preSolution
		HideSolutionNode = FALSE
	EndGlobalSection
	GlobalSection(ExtensibilityGlobals) = postSolution
		SolutionGuid = {05A5C0E8-7749-47C2-B9EF-7D60ED40CA67}
	EndGlobalSection
	GlobalSection(NestedProjects) = preSolution
		{99680CD0-05A5-4ED2-81A2-B30987AA24E2} = {4049953B-FC68-4038-B985-808CE92A0592}
		{8D63B096-5E2D-4E93-B824-CEDED16A0F07} = {4049953B-FC68-4038-B985-808CE92A0592}
		{4CA09728-1A75-41CF-A014-8F43583F3455} = {4049953B-FC68-4038-B985-808CE92A0592}
		{7488CDE1-48C8-4B65-B5F4-39EDC07EDC8F} = {065D7E95-BDFF-439E-A690-A5650157A23B}
		{A843518B-B0E0-43C6-8BED-67A8C4196B13} = {065D7E95-BDFF-439E-A690-A5650157A23B}
		{30BE7BFF-11C1-4A29-A2CF-40174D5117E1} = {065D7E95-BDFF-439E-A690-A5650157A23B}
		{746872FC-2FBB-481B-8085-893088BD0487} = {065D7E95-BDFF-439E-A690-A5650157A23B}
		{89091C56-A811-4D3F-9052-ED0D7EA71670} = {065D7E95-BDFF-439E-A690-A5650157A23B}
		{ECE50866-F1AC-44C9-9645-90D9E0864EEC} = {065D7E95-BDFF-439E-A690-A5650157A23B}
		{E54D18E1-252C-4867-BB95-D5FB6F0F0191} = {4049953B-FC68-4038-B985-808CE92A0592}
		{6FEB539F-A5D4-46B5-BF6B-4060856EC1EB} = {89091C56-A811-4D3F-9052-ED0D7EA71670}
		{AA18DF16-47E3-4FFF-9197-E18489360250} = {C79C55D1-1751-4789-8C2B-0C34CB0D4603}
		{6F860030-71CC-4FCF-A617-457C68AC9732} = {C79C55D1-1751-4789-8C2B-0C34CB0D4603}
		{A8EF6479-094D-476B-908B-5938BB18E3B5} = {C54C88B2-5802-46BB-95C4-DCBA488542AB}
		{AEC74EF3-572E-4CC5-896A-8BCA70F9450E} = {89091C56-A811-4D3F-9052-ED0D7EA71670}
		{F3E57040-C78B-4289-9ADF-F9A14FF2619A} = {89091C56-A811-4D3F-9052-ED0D7EA71670}
		{E24076BF-A886-472C-9A18-D49D0F423FB4} = {CC9B8B26-93C5-4FCA-93FF-382590000093}
		{5273456D-8F5E-41D2-99F2-695523D4308F} = {CC9B8B26-93C5-4FCA-93FF-382590000093}
		{1991E177-E5D5-4C89-8696-86441EAF5341} = {ECE50866-F1AC-44C9-9645-90D9E0864EEC}
		{D1B27C47-37E7-4733-A960-A2096BD629EF} = {A843518B-B0E0-43C6-8BED-67A8C4196B13}
		{266F76EC-60F2-4C41-9D99-A6CB8A3296D6} = {ECE50866-F1AC-44C9-9645-90D9E0864EEC}
		{FD32FE24-0080-471E-B471-15BBC6E78512} = {ECE50866-F1AC-44C9-9645-90D9E0864EEC}
		{D7458D47-D918-468F-BAB4-349128CB221E} = {CC9B8B26-93C5-4FCA-93FF-382590000093}
		{5F4BF6FA-0046-443E-8B2B-AC04B6C80E49} = {7488CDE1-48C8-4B65-B5F4-39EDC07EDC8F}
		{A8FB393B-11AA-436B-AEE9-63877D7B7B01} = {C54C88B2-5802-46BB-95C4-DCBA488542AB}
		{D7ABC424-923E-4F81-9C3B-3E2C50F55BDC} = {C54C88B2-5802-46BB-95C4-DCBA488542AB}
		{80ADAE1B-106A-45B2-A26D-82BFF969475D} = {746872FC-2FBB-481B-8085-893088BD0487}
		{8F5A88E2-A421-45C0-B84F-0CBADE30051A} = {30BE7BFF-11C1-4A29-A2CF-40174D5117E1}
	EndGlobalSection
EndGlobal
